
Microsoft Visual Studio Solution File, Format Version 12.00
# Visual Studio Version 17
VisualStudioVersion = 17.8.34525.116
MinimumVisualStudioVersion = 10.0.40219.1
Project("{FAE04EC0-301F-11D3-BF4B-00C04F79EFBC}") = "WW1", "WW1\WW1.csproj", "{5605EF99-C1C8-4BCA-A555-303270033E61}"
EndProject
Global
	GlobalSection(SolutionConfigurationPlatforms) = preSolution
		Debug|Any CPU = Debug|Any CPU
		Release|Any CPU = Release|Any CPU
	EndGlobalSection
	GlobalSection(ProjectConfigurationPlatforms) = postSolution
		{5605EF99-C1C8-4BCA-A555-303270033E61}.Debug|Any CPU.ActiveCfg = Debug|Any CPU
		{5605EF99-C1C8-4BCA-A555-303270033E61}.Debug|Any CPU.Build.0 = Debug|Any CPU
		{5605EF99-C1C8-4BCA-A555-303270033E61}.Release|Any CPU.ActiveCfg = Release|Any CPU
		{5605EF99-C1C8-4BCA-A555-303270033E61}.Release|Any CPU.Build.0 = Release|Any CPU
	EndGlobalSection
	GlobalSection(SolutionProperties) = preSolution
		HideSolutionNode = FALSE
	EndGlobalSection
	GlobalSection(ExtensibilityGlobals) = postSolution
		SolutionGuid = {C8BF1CA0-A21C-4EDD-AAEA-88832D122E96}
	EndGlobalSection
EndGlobal
